{
  "name": "deploying_osmr",
  "lockfileVersion": 3,
  "requires": true,
  "packages": {
    "": {
      "dependencies": {
        "osrm-text-instructions": "^0.15.0"
      }
    },
    "node_modules/osrm-text-instructions": {
      "version": "0.15.0",
      "resolved": "https://registry.npmjs.org/osrm-text-instructions/-/osrm-text-instructions-0.15.0.tgz",
      "integrity": "sha512-VxhAtFZ1H4mYJxbHI2nN94GCrWkbScSuD12slCxuAFkgAJdZPnAKjvymH2gTaRtcn7u0sJmn+BUpaME5ndW9hQ=="
    }
  }
}
