{
  "name": "playing_with_cabal",
  "version": "1.0.0",
  "lockfileVersion": 1,
  "requires": true,
  "dependencies": {
    "abstract-leveldown": {
      "version": "2.6.3",
      "resolved": "https://registry.npmjs.org/abstract-leveldown/-/abstract-leveldown-2.6.3.tgz",
      "integrity": "sha512-2++wDf/DYqkPR3o5tbfdhF96EfMApo1GpPfzOsR/ZYXdkSmELlvOOEAl9iKkRsktMPHdGjO4rtkBpf2I7TiTeA==",
      "requires": {
        "xtend": "~4.0.0"
      }
    },
    "array-lru": {
      "version": "1.1.1",
      "resolved": "https://registry.npmjs.org/array-lru/-/array-lru-1.1.1.tgz",
      "integrity": "sha1-DH4bTgIq4Wb/HoRIxZXzGB/NMzc="
    },
    "atomic-batcher": {
      "version": "1.0.2",
      "resolved": "https://registry.npmjs.org/atomic-batcher/-/atomic-batcher-1.0.2.tgz",
      "integrity": "sha1-0WkB0QzOxZUWwZe5zNiTBom4E7Q="
    },
    "balanced-match": {
      "version": "1.0.0",
      "resolved": "https://registry.npmjs.org/balanced-match/-/balanced-match-1.0.0.tgz",
      "integrity": "sha1-ibTRmasr7kneFk6gK4nORi1xt2c="
    },
    "bencode": {
      "version": "1.0.0",
      "resolved": "https://registry.npmjs.org/bencode/-/bencode-1.0.0.tgz",
      "integrity": "sha512-N+VOSP5MkoX+xgnp6Y056iCY5TmCZg9rgPNPQe0bIiXchxYFP4vs/Tf0dTdQ+qQhP7HM2gvfFq+sUVjQsGy5Zw==",
      "requires": {
        "safe-buffer": "^5.1.1"
      }
    },
    "bitfield-rle": {
      "version": "2.2.1",
      "resolved": "https://registry.npmjs.org/bitfield-rle/-/bitfield-rle-2.2.1.tgz",
      "integrity": "sha512-wrDhHe7LUkqaytxgbsFXoemzHRv6e8FrVNWWsQCgUfmuVYW6ke44hoGc9VdpjgfIsJ/ejmCFA8wDtDqACNAvyw==",
      "requires": {
        "buffer-alloc-unsafe": "^1.1.0",
        "varint": "^4.0.0"
      },
      "dependencies": {
        "varint": {
          "version": "4.0.1",
          "resolved": "https://registry.npmjs.org/varint/-/varint-4.0.1.tgz",
          "integrity": "sha1-SQgpuULSSEY7KzUJeZXDv3NxmOk="
        }
      }
    },
    "bittorrent-dht": {
      "version": "7.10.0",
      "resolved": "https://registry.npmjs.org/bittorrent-dht/-/bittorrent-dht-7.10.0.tgz",
      "integrity": "sha512-fvb6M58Ceiv/S94nu6zeaiMoJvUYOeIqRbgaClm+kJTzCAqJPtAR/31pXNYB5iEReOoKqQB5zY33gY0W6ZRWQQ==",
      "requires": {
        "bencode": "^1.0.0",
        "buffer-equals": "^1.0.3",
        "debug": "^3.1.0",
        "inherits": "^2.0.1",
        "k-bucket": "^3.3.0",
        "k-rpc": "^4.2.1",
        "lru": "^3.1.0",
        "randombytes": "^2.0.5",
        "safe-buffer": "^5.0.1",
        "simple-sha1": "^2.1.0"
      },
      "dependencies": {
        "debug": {
          "version": "3.2.6",
          "resolved": "https://registry.npmjs.org/debug/-/debug-3.2.6.tgz",
          "integrity": "sha512-mel+jf7nrtEl5Pn1Qx46zARXKDpBbvzezse7p7LqINmdoIk8PYP5SySaxEmYv6TZ0JyEKA1hsCId6DIhgITtWQ==",
          "requires": {
            "ms": "^2.1.1"
          }
        }
      }
    },
    "blake2b": {
      "version": "2.1.3",
      "resolved": "https://registry.npmjs.org/blake2b/-/blake2b-2.1.3.tgz",
      "integrity": "sha512-pkDss4xFVbMb4270aCyGD3qLv92314Et+FsKzilCLxDz5DuZ2/1g3w4nmBbu6nKApPspnjG7JcwTjGZnduB1yg==",
      "requires": {
        "blake2b-wasm": "^1.1.0",
        "nanoassert": "^1.0.0"
      }
    },
    "blake2b-wasm": {
      "version": "1.1.7",
      "resolved": "https://registry.npmjs.org/blake2b-wasm/-/blake2b-wasm-1.1.7.tgz",
      "integrity": "sha512-oFIHvXhlz/DUgF0kq5B1CqxIDjIJwh9iDeUUGQUcvgiGz7Wdw03McEO7CfLBy7QKGdsydcMCgO9jFNBAFCtFcA==",
      "requires": {
        "nanoassert": "^1.0.0"
      }
    },
    "brace-expansion": {
      "version": "1.1.11",
      "resolved": "https://registry.npmjs.org/brace-expansion/-/brace-expansion-1.1.11.tgz",
      "integrity": "sha512-iCuPHDFgrHX7H2vEI/5xpz07zSHB00TpugqhmYtVmMO6518mCuRMoOYFldEBl0g187ufozdaHgWKcYFb61qGiA==",
      "requires": {
        "balanced-match": "^1.0.0",
        "concat-map": "0.0.1"
      }
    },
    "buffer-alloc": {
      "version": "1.2.0",
      "resolved": "https://registry.npmjs.org/buffer-alloc/-/buffer-alloc-1.2.0.tgz",
      "integrity": "sha512-CFsHQgjtW1UChdXgbyJGtnm+O/uLQeZdtbDo8mfUgYXCHSM1wgrVxXm6bSyrUuErEb+4sYVGCzASBRot7zyrow==",
      "requires": {
        "buffer-alloc-unsafe": "^1.1.0",
        "buffer-fill": "^1.0.0"
      }
    },
    "buffer-alloc-unsafe": {
      "version": "1.1.0",
      "resolved": "https://registry.npmjs.org/buffer-alloc-unsafe/-/buffer-alloc-unsafe-1.1.0.tgz",
      "integrity": "sha512-TEM2iMIEQdJ2yjPJoSIsldnleVaAk1oW3DBVUykyOLsEsFmEc9kn+SFFPz+gl54KQNxlDnAwCXosOS9Okx2xAg=="
    },
    "buffer-equals": {
      "version": "1.0.4",
      "resolved": "https://registry.npmjs.org/buffer-equals/-/buffer-equals-1.0.4.tgz",
      "integrity": "sha1-A1O1T9B/2VZBcGca5vZrnPENJ/U="
    },
    "buffer-fill": {
      "version": "1.0.0",
      "resolved": "https://registry.npmjs.org/buffer-fill/-/buffer-fill-1.0.0.tgz",
      "integrity": "sha1-+PeLdniYiO858gXNY39o5wISKyw="
    },
    "buffer-from": {
      "version": "1.1.1",
      "resolved": "https://registry.npmjs.org/buffer-from/-/buffer-from-1.1.1.tgz",
      "integrity": "sha512-MQcXEUbCKtEo7bhqEs6560Hyd4XaovZlO/k9V3hjVUF/zwW7KBVdSK4gIt/bzwS9MbR5qob+F5jusZsb0YQK2A=="
    },
    "bulk-write-stream": {
      "version": "1.1.4",
      "resolved": "https://registry.npmjs.org/bulk-write-stream/-/bulk-write-stream-1.1.4.tgz",
      "integrity": "sha512-GtKwd/4etuk1hNeprXoESBO1RSeRYJMXKf+O0qHmWdUomLT8ysNEfX/4bZFXr3BK6eukpHiEnhY2uMtEHDM2ng==",
      "requires": {
        "buffer-from": "^1.0.0",
        "inherits": "^2.0.1",
        "readable-stream": "^2.1.4"
      }
    },
    "cabal-core": {
      "version": "4.0.1",
      "resolved": "https://registry.npmjs.org/cabal-core/-/cabal-core-4.0.1.tgz",
      "integrity": "sha512-DkDwx8hLWoQ5q0d5R3R1oiM4cDRlkchLuOme+PQPVOKYd27EnVx27I85GjKzxBq//cGWiH9mlfQGsxCn1eKmYw==",
      "requires": {
        "charwise": "^3.0.1",
        "concat-stream": "^1.6.2",
        "dat-encoding": "^5.0.1",
        "dat-swarm-defaults": "^1.0.1",
        "discovery-swarm": "^5.1.2",
        "inherits": "^2.0.3",
        "kappa-core": "^2.7.0",
        "kappa-view-level": "^1.1.0",
        "memdb": "^1.3.1",
        "monotonic-timestamp": "0.0.9",
        "randombytes": "^2.0.6",
        "read-only-stream": "^2.0.0",
        "strftime": "^0.10.0",
        "through2": "^2.0.3",
        "thunky": "^1.0.2",
        "xtend": "^4.0.1"
      }
    },
    "charwise": {
      "version": "3.0.1",
      "resolved": "https://registry.npmjs.org/charwise/-/charwise-3.0.1.tgz",
      "integrity": "sha512-RcdumNsM6fJZ5HHbYunqj2bpurVRGsXour3OR+SlLEHFhG6ALm54i6Osnh+OvO7kEoSBzwExpblYFH8zKQiEPw=="
    },
    "chrome-dgram": {
      "version": "3.0.4",
      "resolved": "https://registry.npmjs.org/chrome-dgram/-/chrome-dgram-3.0.4.tgz",
      "integrity": "sha512-G8rOANSvSRC4hGny/K/ec1gXtNuZGzryFeoev49u0J4g/qws7H25vMKQlbD9izuedFVHwXFTdKQG62Tf/7Cmwg==",
      "requires": {
        "inherits": "^2.0.1",
        "run-series": "^1.1.2"
      }
    },
    "chrome-dns": {
      "version": "1.0.1",
      "resolved": "https://registry.npmjs.org/chrome-dns/-/chrome-dns-1.0.1.tgz",
      "integrity": "sha512-HqsYJgIc8ljJJOqOzLphjAs79EUuWSX3nzZi2LNkzlw3GIzAeZbaSektC8iT/tKvLqZq8yl1GJu5o6doA4TRbg==",
      "requires": {
        "chrome-net": "^3.3.2"
      }
    },
    "chrome-net": {
      "version": "3.3.3",
      "resolved": "https://registry.npmjs.org/chrome-net/-/chrome-net-3.3.3.tgz",
      "integrity": "sha512-11jL8+Ogna8M5TEdyalE8IG6cpaFEU3YcaxAj3YjZKjRM/PeT70pZbrUY+xoGwqiEJZwJE4Td2CvGxUvS9ytKQ==",
      "requires": {
        "inherits": "^2.0.1"
      }
    },
    "circular-append-file": {
      "version": "1.0.1",
      "resolved": "https://registry.npmjs.org/circular-append-file/-/circular-append-file-1.0.1.tgz",
      "integrity": "sha512-BUDFvrBTCdeVhg9E05PX4XgMegk6xWB69uGwyuATEg7PMfa9lGU1mzFSK0xWNW2O0i9CAQHN0oIdXI/kI2hPkg==",
      "requires": {
        "multistream": "^2.1.0"
      }
    },
    "codecs": {
      "version": "1.2.1",
      "resolved": "https://registry.npmjs.org/codecs/-/codecs-1.2.1.tgz",
      "integrity": "sha512-SPnx+ZHXVJ0qTInRXmnxuyu8PDvSzvop5MXp1BOr/urFQI3yL2n5ewE755skTklF/hKVlWj8cinGxdR2gvLvTA=="
    },
    "concat-map": {
      "version": "0.0.1",
      "resolved": "https://registry.npmjs.org/concat-map/-/concat-map-0.0.1.tgz",
      "integrity": "sha1-2Klr13/Wjfd5OnMDajug1UBdR3s="
    },
    "concat-stream": {
      "version": "1.6.2",
      "resolved": "https://registry.npmjs.org/concat-stream/-/concat-stream-1.6.2.tgz",
      "integrity": "sha512-27HBghJxjiZtIk3Ycvn/4kbJk/1uZuJFfuPEns6LaEvpvG1f0hTea8lilrouyo9mVc2GWdcEZ8OLoGmSADlrCw==",
      "requires": {
        "buffer-from": "^1.0.0",
        "inherits": "^2.0.3",
        "readable-stream": "^2.2.2",
        "typedarray": "^0.0.6"
      }
    },
    "connections": {
      "version": "1.4.2",
      "resolved": "https://registry.npmjs.org/connections/-/connections-1.4.2.tgz",
      "integrity": "sha1-eJBIK/XHGvbFyhkr4xNq7XRCiq0="
    },
    "core-util-is": {
      "version": "1.0.2",
      "resolved": "https://registry.npmjs.org/core-util-is/-/core-util-is-1.0.2.tgz",
      "integrity": "sha1-tf1UIgqivFq1eqtxQMlAdUUDwac="
    },
    "count-trailing-zeros": {
      "version": "1.0.1",
      "resolved": "https://registry.npmjs.org/count-trailing-zeros/-/count-trailing-zeros-1.0.1.tgz",
      "integrity": "sha1-q6bFgzvkENRbHso+bVg4RM5oLHc="
    },
    "dat-encoding": {
      "version": "5.0.1",
      "resolved": "https://registry.npmjs.org/dat-encoding/-/dat-encoding-5.0.1.tgz",
      "integrity": "sha512-PET9PlGt6ejgqU07hbPLx3tP2siDMMFumUe+xwmm4+5W+0cOlpzreCPoMVUBzxWeR4sPdxL+AS53odQTBtzEqA==",
      "requires": {
        "safe-buffer": "^5.0.1"
      }
    },
    "dat-swarm-defaults": {
      "version": "1.0.2",
      "resolved": "https://registry.npmjs.org/dat-swarm-defaults/-/dat-swarm-defaults-1.0.2.tgz",
      "integrity": "sha512-gz9RuhUxq3coYBrelzuFXCNyC579aO3Bm1Wlwa12/9tJr1NP0AAGxpHJYA1HZvt8X7ZdrtMzpFyNvs2Y9PFG6w=="
    },
    "debug": {
      "version": "4.1.1",
      "resolved": "https://registry.npmjs.org/debug/-/debug-4.1.1.tgz",
      "integrity": "sha512-pYAIzeRo8J6KPEaJ0VWOh5Pzkbw/RetuzehGM7QRRX5he4fPHx2rdKMB256ehJCkX+XRQm16eZLqLNS8RSZXZw==",
      "requires": {
        "ms": "^2.1.1"
      }
    },
    "deferred-leveldown": {
      "version": "1.2.2",
      "resolved": "https://registry.npmjs.org/deferred-leveldown/-/deferred-leveldown-1.2.2.tgz",
      "integrity": "sha512-uukrWD2bguRtXilKt6cAWKyoXrTSMo5m7crUdLfWQmu8kIm88w3QZoUL+6nhpfKVmhHANER6Re3sKoNoZ3IKMA==",
      "requires": {
        "abstract-leveldown": "~2.6.0"
      }
    },
    "delay": {
      "version": "4.3.0",
      "resolved": "https://registry.npmjs.org/delay/-/delay-4.3.0.tgz",
      "integrity": "sha512-Lwaf3zVFDMBop1yDuFZ19F9WyGcZcGacsbdlZtWjQmM50tOcMntm1njF/Nb/Vjij3KaSvCF+sEYGKrrjObu2NA=="
    },
    "discovery-channel": {
      "version": "5.5.1",
      "resolved": "https://registry.npmjs.org/discovery-channel/-/discovery-channel-5.5.1.tgz",
      "integrity": "sha512-EEmZQFE0PiOsJj7G3KVCwFGbYs4QchUvzA91iHtZ6HfkIqfBEDSTGLygJrUlY1Tr77WDV+qZVrZuNghHxSL/vw==",
      "requires": {
        "bittorrent-dht": "^7.10.0",
        "buffer-from": "^1.0.0",
        "debug": "^2.6.9",
        "dns-discovery": "^6.0.1",
        "pretty-hash": "^1.0.1",
        "thunky": "^0.1.0"
      },
      "dependencies": {
        "debug": {
          "version": "2.6.9",
          "resolved": "https://registry.npmjs.org/debug/-/debug-2.6.9.tgz",
          "integrity": "sha512-bC7ElrdJaJnPbAP+1EotYvqZsb3ecl5wi6Bfi6BJTUcNowp6cvspg0jXznRTKDjm/E7AdgFBVeAPVMNcKGsHMA==",
          "requires": {
            "ms": "2.0.0"
          }
        },
        "ms": {
          "version": "2.0.0",
          "resolved": "https://registry.npmjs.org/ms/-/ms-2.0.0.tgz",
          "integrity": "sha1-VgiurfwAvmwpAd9fmGF4jeDVl8g="
        },
        "thunky": {
          "version": "0.1.0",
          "resolved": "https://registry.npmjs.org/thunky/-/thunky-0.1.0.tgz",
          "integrity": "sha1-vzAUaCTituZ7Dy16Ssi+smkIaE4="
        }
      }
    },
    "discovery-swarm": {
      "version": "5.1.4",
      "resolved": "https://registry.npmjs.org/discovery-swarm/-/discovery-swarm-5.1.4.tgz",
      "integrity": "sha512-vkg0bv+FUwSuPxBWzdNPQVNmXQlIbvz1Ygi+A1XefNUhEzfmM+RNndjtjlDgxD/ZUhFir9PX7Hw9iIDVujsOoA==",
      "requires": {
        "connections": "^1.4.2",
        "debug": "^4.1.1",
        "discovery-channel": "^5.5.1",
        "length-prefixed-message": "^3.0.3",
        "pump": "^3.0.0",
        "to-buffer": "^1.0.1",
        "utp-native": "^1.7.2"
      }
    },
    "dns-discovery": {
      "version": "6.2.3",
      "resolved": "https://registry.npmjs.org/dns-discovery/-/dns-discovery-6.2.3.tgz",
      "integrity": "sha512-ZULG1R5J9QHZfaXo5XFGVG22LIcnZorbEa7f83FYgCGDaQrVfyVmty3Z89OvBLpCPetwW+LzjCcT60ekhbQ+9g==",
      "requires": {
        "circular-append-file": "^1.0.1",
        "debug": "^2.6.9",
        "dns-socket": "^3.0.0",
        "lru": "^2.0.0",
        "minimist": "^1.2.0",
        "multicast-dns": "^7.1.1",
        "network-address": "^1.1.2",
        "pump": "^3.0.0",
        "speedometer": "^1.0.0",
        "unordered-set": "^1.1.0"
      },
      "dependencies": {
        "debug": {
          "version": "2.6.9",
          "resolved": "https://registry.npmjs.org/debug/-/debug-2.6.9.tgz",
          "integrity": "sha512-bC7ElrdJaJnPbAP+1EotYvqZsb3ecl5wi6Bfi6BJTUcNowp6cvspg0jXznRTKDjm/E7AdgFBVeAPVMNcKGsHMA==",
          "requires": {
            "ms": "2.0.0"
          }
        },
        "lru": {
          "version": "2.0.1",
          "resolved": "https://registry.npmjs.org/lru/-/lru-2.0.1.tgz",
          "integrity": "sha1-+XmHHhYuP1yiVL5GhExT1MU2RUQ=",
          "requires": {
            "inherits": "^2.0.1"
          }
        },
        "ms": {
          "version": "2.0.0",
          "resolved": "https://registry.npmjs.org/ms/-/ms-2.0.0.tgz",
          "integrity": "sha1-VgiurfwAvmwpAd9fmGF4jeDVl8g="
        }
      }
    },
    "dns-packet": {
      "version": "4.2.0",
      "resolved": "https://registry.npmjs.org/dns-packet/-/dns-packet-4.2.0.tgz",
      "integrity": "sha512-bn1AKpfkFbm0MIioOMHZ5qJzl2uypdBwI4nYNsqvhjsegBhcKJUlCrMPWLx6JEezRjxZmxhtIz/FkBEur2l8Cw==",
      "requires": {
        "ip": "^1.1.5",
        "safe-buffer": "^5.1.1"
      }
    },
    "dns-socket": {
      "version": "3.0.0",
      "resolved": "https://registry.npmjs.org/dns-socket/-/dns-socket-3.0.0.tgz",
      "integrity": "sha512-M0WkByoJ/mTm+HtwBQLsRJPe5uGIC/lYVOp+s6ZzhbZ5iq4GxjFyxYPQhB85dgCLvVb43aJQXHDC9aUgyKGc/Q==",
      "requires": {
        "dns-packet": "^4.1.0"
      }
    },
    "end-of-stream": {
      "version": "1.4.4",
      "resolved": "https://registry.npmjs.org/end-of-stream/-/end-of-stream-1.4.4.tgz",
      "integrity": "sha512-+uw1inIHVPQoaVuHzRyXd21icM+cnt4CzD5rW+NC1wjOUSTOs+Te7FOv7AhN7vS9x/oIyhLP5PR1H+phQAHu5Q==",
      "requires": {
        "once": "^1.4.0"
      }
    },
    "errno": {
      "version": "0.1.7",
      "resolved": "https://registry.npmjs.org/errno/-/errno-0.1.7.tgz",
      "integrity": "sha512-MfrRBDWzIWifgq6tJj60gkAwtLNb6sQPlcFrSOflcP1aFmmruKQ2wRnze/8V6kgyz7H3FF8Npzv78mZ7XLLflg==",
      "requires": {
        "prr": "~1.0.1"
      }
    },
    "fast-bitfield": {
      "version": "1.2.2",
      "resolved": "https://registry.npmjs.org/fast-bitfield/-/fast-bitfield-1.2.2.tgz",
      "integrity": "sha512-t8HYqkuE3YEqNcyWlAfh55479aTxO+GpYwvQvJppYqyBfSmRdNIhzY2m09FKN/MENTzq4wH6heHOIvsPyMAwvQ==",
      "requires": {
        "count-trailing-zeros": "^1.0.1"
      }
    },
    "fd-lock": {
      "version": "1.0.2",
      "resolved": "https://registry.npmjs.org/fd-lock/-/fd-lock-1.0.2.tgz",
      "integrity": "sha512-8O4zSv6rlNNghVfzVkj/p7LUIeBm7Xxk6QnhfmR1WJm/W4kwS8IyShy4X1peRnFUYZUYLlcwEMKXF8QWxJCMvg==",
      "optional": true,
      "requires": {
        "napi-macros": "^1.8.2",
        "node-gyp-build": "^3.8.0"
      }
    },
    "flat-tree": {
      "version": "1.6.0",
      "resolved": "https://registry.npmjs.org/flat-tree/-/flat-tree-1.6.0.tgz",
      "integrity": "sha1-/KMM3bkAb7ZW6168ea6ydOf96e0="
    },
    "from2": {
      "version": "2.3.0",
      "resolved": "https://registry.npmjs.org/from2/-/from2-2.3.0.tgz",
      "integrity": "sha1-i/tVAr3kpNNs/e6gB/zKIdfjgq8=",
      "requires": {
        "inherits": "^2.0.1",
        "readable-stream": "^2.0.0"
      }
    },
    "fs.realpath": {
      "version": "1.0.0",
      "resolved": "https://registry.npmjs.org/fs.realpath/-/fs.realpath-1.0.0.tgz",
      "integrity": "sha1-FQStJSMVjKpA20onh8sBQRmU6k8="
    },
    "functional-red-black-tree": {
      "version": "1.0.1",
      "resolved": "https://registry.npmjs.org/functional-red-black-tree/-/functional-red-black-tree-1.0.1.tgz",
      "integrity": "sha1-GwqzvVU7Kg1jmdKcDj6gslIHgyc="
    },
    "glob": {
      "version": "7.1.6",
      "resolved": "https://registry.npmjs.org/glob/-/glob-7.1.6.tgz",
      "integrity": "sha512-LwaxwyZ72Lk7vZINtNNrywX0ZuLyStrdDtabefZKAY5ZGJhVtgdznluResxNmPitE0SAO+O26sWTHeKSI2wMBA==",
      "requires": {
        "fs.realpath": "^1.0.0",
        "inflight": "^1.0.4",
        "inherits": "2",
        "minimatch": "^3.0.4",
        "once": "^1.3.0",
        "path-is-absolute": "^1.0.0"
      }
    },
    "hypercore": {
      "version": "6.26.0",
      "resolved": "https://registry.npmjs.org/hypercore/-/hypercore-6.26.0.tgz",
      "integrity": "sha512-su/bucp958SyFWWF5uzeLT05N0k7gTbktvLCo0TaloXWSSs2OiFyj3Ka7v93yaD9u0vBT3i0foPoZnj1yC/dog==",
      "requires": {
        "array-lru": "^1.1.0",
        "atomic-batcher": "^1.0.2",
        "bitfield-rle": "^2.2.1",
        "buffer-alloc": "^1.2.0",
        "buffer-alloc-unsafe": "^1.0.0",
        "buffer-from": "^1.0.0",
        "bulk-write-stream": "^1.1.3",
        "codecs": "^1.2.0",
        "fast-bitfield": "^1.2.2",
        "fd-lock": "^1.0.2",
        "flat-tree": "^1.6.0",
        "from2": "^2.3.0",
        "hypercore-crypto": "^1.0.0",
        "hypercore-protocol": "^6.4.1",
        "inherits": "^2.0.3",
        "inspect-custom-symbol": "^1.1.0",
        "last-one-wins": "^1.0.4",
        "memory-pager": "^1.0.2",
        "merkle-tree-stream": "^3.0.3",
        "pretty-hash": "^1.0.1",
        "process-nextick-args": "^1.0.7",
        "random-access-file": "^2.1.0",
        "sodium-universal": "^2.0.0",
        "sparse-bitfield": "^3.0.0",
        "thunky": "^1.0.1",
        "uint64be": "^2.0.1",
        "unordered-array-remove": "^1.0.2",
        "unordered-set": "^2.0.0"
      },
      "dependencies": {
        "process-nextick-args": {
          "version": "1.0.7",
          "resolved": "https://registry.npmjs.org/process-nextick-args/-/process-nextick-args-1.0.7.tgz",
          "integrity": "sha1-FQ4gt1ZZCtP5EJPyWk8q2L/zC6M="
        },
        "unordered-set": {
          "version": "2.0.1",
          "resolved": "https://registry.npmjs.org/unordered-set/-/unordered-set-2.0.1.tgz",
          "integrity": "sha512-eUmNTPzdx+q/WvOHW0bgGYLWvWHNT3PTKEQLg0MAQhc0AHASHVHoP/9YytYd4RBVariqno/mEUhVZN98CmD7bg=="
        }
      }
    },
    "hypercore-crypto": {
      "version": "1.0.0",
      "resolved": "https://registry.npmjs.org/hypercore-crypto/-/hypercore-crypto-1.0.0.tgz",
      "integrity": "sha512-xFwOnNlOt8L+SovC7dTNchKaNYJb5l8rKZZwpWQnCme1r7CU4Hlhp1RDqPES6b0OpS7DkTo9iU0GltQGkpsjMw==",
      "requires": {
        "buffer-alloc-unsafe": "^1.1.0",
        "buffer-from": "^1.1.0",
        "sodium-universal": "^2.0.0",
        "uint64be": "^2.0.2"
      }
    },
    "hypercore-protocol": {
      "version": "6.12.0",
      "resolved": "https://registry.npmjs.org/hypercore-protocol/-/hypercore-protocol-6.12.0.tgz",
      "integrity": "sha512-T3oy9/7QFejqJX2RGcCUU1944e5/eKbLlSz9JPTNN1QbYFJgat/r7eTyOO8SMSLUimUmQx6YBMKhgYbdKzp7Bw==",
      "requires": {
        "buffer-alloc-unsafe": "^1.0.0",
        "buffer-from": "^1.0.0",
        "inherits": "^2.0.3",
        "protocol-buffers-encodings": "^1.1.0",
        "readable-stream": "^2.2.6",
        "sodium-universal": "^2.0.0",
        "sorted-indexof": "^1.0.0",
        "varint": "^5.0.0"
      },
      "dependencies": {
        "varint": {
          "version": "5.0.0",
          "resolved": "https://registry.npmjs.org/varint/-/varint-5.0.0.tgz",
          "integrity": "sha1-2Ca4n3SQcy+rwMDtaT7Uddyynr8="
        }
      }
    },
    "immediate": {
      "version": "3.2.3",
      "resolved": "https://registry.npmjs.org/immediate/-/immediate-3.2.3.tgz",
      "integrity": "sha1-0UD6j2FGWb1lQSMwl92qwlzdmRw="
    },
    "inflight": {
      "version": "1.0.6",
      "resolved": "https://registry.npmjs.org/inflight/-/inflight-1.0.6.tgz",
      "integrity": "sha1-Sb1jMdfQLQwJvJEKEHW6gWW1bfk=",
      "requires": {
        "once": "^1.3.0",
        "wrappy": "1"
      }
    },
    "inherits": {
      "version": "2.0.4",
      "resolved": "https://registry.npmjs.org/inherits/-/inherits-2.0.4.tgz",
      "integrity": "sha512-k/vGaX4/Yla3WzyMCvTQOXYeIHvqOKtnqBduzTHpzpQZzAskKMhZ2K+EnBiSM9zGSoIFeMpXKxa4dYeZIQqewQ=="
    },
    "ini": {
      "version": "1.3.5",
      "resolved": "https://registry.npmjs.org/ini/-/ini-1.3.5.tgz",
      "integrity": "sha512-RZY5huIKCMRWDUqZlEi72f/lmXKMvuszcMBduliQ3nnWbx9X/ZBQO7DijMEYS9EhHBb2qacRUMtC7svLwe0lcw==",
      "optional": true
    },
    "inspect-custom-symbol": {
      "version": "1.1.1",
      "resolved": "https://registry.npmjs.org/inspect-custom-symbol/-/inspect-custom-symbol-1.1.1.tgz",
      "integrity": "sha512-GOucsp9EcdlLdhPUyOTvQDnbFJtp2WBWZV1Jqe+mVnkJQBL3w96+fB84C+JL+EKXOspMdB0eMDQPDp5w9fkfZA=="
    },
    "ip": {
      "version": "1.1.5",
      "resolved": "https://registry.npmjs.org/ip/-/ip-1.1.5.tgz",
      "integrity": "sha1-vd7XARQpCCjAoDnnLvJfWq7ENUo="
    },
    "is-options": {
      "version": "1.0.1",
      "resolved": "https://registry.npmjs.org/is-options/-/is-options-1.0.1.tgz",
      "integrity": "sha512-2Xj8sA0zDrAcaoWfBiNmc6VPWAgKDpim0T3J9Djq7vbm1UjwbUWzeuLu/FwC46g3cBbAn0E5R0xwVtOobM6Xxg=="
    },
    "isarray": {
      "version": "1.0.0",
      "resolved": "https://registry.npmjs.org/isarray/-/isarray-1.0.0.tgz",
      "integrity": "sha1-u5NdSFgsuhaMBoNJV6VKPgcSTxE="
    },
    "k-bucket": {
      "version": "3.3.1",
      "resolved": "https://registry.npmjs.org/k-bucket/-/k-bucket-3.3.1.tgz",
      "integrity": "sha512-kgwWqYT79rAahn4maIVTP8dIe+m1KulufWW+f1bB9DlZrRFiGpZ4iJOg2HUp4xJYBWONP3+rOPIWF/RXABU6mw==",
      "requires": {
        "buffer-equals": "^1.0.3",
        "inherits": "^2.0.1",
        "randombytes": "^2.0.3"
      }
    },
    "k-rpc": {
      "version": "4.3.1",
      "resolved": "https://registry.npmjs.org/k-rpc/-/k-rpc-4.3.1.tgz",
      "integrity": "sha512-mgAJZeFYbpP0xzJzmS0TQTYoFI0sjy3GnKFhg8wyboL+KvWg2WLaA2Oy9PthLPx2Rxz4WeBMk4y3MSOrDJ95FA==",
      "requires": {
        "buffer-equals": "^1.0.3",
        "k-bucket": "^4.0.0",
        "k-rpc-socket": "^1.7.2",
        "randombytes": "^2.0.5",
        "safe-buffer": "^5.1.1"
      },
      "dependencies": {
        "k-bucket": {
          "version": "4.0.1",
          "resolved": "https://registry.npmjs.org/k-bucket/-/k-bucket-4.0.1.tgz",
          "integrity": "sha512-YvDpmY3waI999h1zZoW1rJ04fZrgZ+5PAlVmvwDHT6YO/Q1AOhdel07xsKy9eAvJjQ9xZV1wz3rXKqEfaWvlcQ==",
          "requires": {
            "inherits": "^2.0.1",
            "randombytes": "^2.0.3"
          }
        }
      }
    },
    "k-rpc-socket": {
      "version": "1.11.1",
      "resolved": "https://registry.npmjs.org/k-rpc-socket/-/k-rpc-socket-1.11.1.tgz",
      "integrity": "sha512-8xtA8oqbZ6v1Niryp2/g4GxW16EQh5MvrUylQoOG+zcrDff5CKttON2XUXvMwlIHq4/2zfPVFiinAccJ+WhxoA==",
      "requires": {
        "bencode": "^2.0.0",
        "chrome-dgram": "^3.0.2",
        "chrome-dns": "^1.0.0",
        "chrome-net": "^3.3.2"
      },
      "dependencies": {
        "bencode": {
          "version": "2.0.1",
          "resolved": "https://registry.npmjs.org/bencode/-/bencode-2.0.1.tgz",
          "integrity": "sha512-2uhEl8FdjSBUyb69qDTgOEeeqDTa+n3yMQzLW0cOzNf1Ow5bwcg3idf+qsWisIKRH8Bk8oC7UXL8irRcPA8ZEQ==",
          "requires": {
            "safe-buffer": "^5.1.1"
          }
        }
      }
    },
    "kappa-core": {
      "version": "2.7.0",
      "resolved": "https://registry.npmjs.org/kappa-core/-/kappa-core-2.7.0.tgz",
      "integrity": "sha512-c7A0ZKuMKKYsjCSTEY+x8Ry393slXfy80DJZ1nGYVVcV/mGOVAjuMBsQE2Kb/jyC/SGjDZp3yOd6N9pWQPyFJg==",
      "requires": {
        "hypercore": "^6.25.2",
        "inherits": "^2.0.3",
        "multifeed": "^3.0.3",
        "multifeed-index": "^3.2.2"
      }
    },
    "kappa-view-level": {
      "version": "1.1.0",
      "resolved": "https://registry.npmjs.org/kappa-view-level/-/kappa-view-level-1.1.0.tgz",
      "integrity": "sha512-Q/6Vv/GcWshfu1GB70bngzykZyX4n/KwdSECF+nVOm4MBp3PPP5qoXCF5i8MlMoE3EJsLrKPw1tIielEC0E39w=="
    },
    "last-one-wins": {
      "version": "1.0.4",
      "resolved": "https://registry.npmjs.org/last-one-wins/-/last-one-wins-1.0.4.tgz",
      "integrity": "sha1-wb/Qy8tGeQ7JFWuNGu6Py4bNoio="
    },
    "length-prefixed-message": {
      "version": "3.0.4",
      "resolved": "https://registry.npmjs.org/length-prefixed-message/-/length-prefixed-message-3.0.4.tgz",
      "integrity": "sha512-Tqyx4nggb9nkLD6p4hyIz7UiVNg5u3OnCP2h0hS/HXpheH88rsoNEgNB8xTnpPMw6zWXGZ7Cpg1zhWPlsJ0/TQ==",
      "requires": {
        "varint": "^3.0.1"
      }
    },
    "level-codec": {
      "version": "7.0.1",
      "resolved": "https://registry.npmjs.org/level-codec/-/level-codec-7.0.1.tgz",
      "integrity": "sha512-Ua/R9B9r3RasXdRmOtd+t9TCOEIIlts+TN/7XTT2unhDaL6sJn83S3rUyljbr6lVtw49N3/yA0HHjpV6Kzb2aQ=="
    },
    "level-errors": {
      "version": "1.0.5",
      "resolved": "https://registry.npmjs.org/level-errors/-/level-errors-1.0.5.tgz",
      "integrity": "sha512-/cLUpQduF6bNrWuAC4pwtUKA5t669pCsCi2XbmojG2tFeOr9j6ShtdDCtFFQO1DRt+EVZhx9gPzP9G2bUaG4ig==",
      "requires": {
        "errno": "~0.1.1"
      }
    },
    "level-iterator-stream": {
      "version": "1.3.1",
      "resolved": "https://registry.npmjs.org/level-iterator-stream/-/level-iterator-stream-1.3.1.tgz",
      "integrity": "sha1-5Dt4sagUPm+pek9IXrjqUwNS8u0=",
      "requires": {
        "inherits": "^2.0.1",
        "level-errors": "^1.0.3",
        "readable-stream": "^1.0.33",
        "xtend": "^4.0.0"
      },
      "dependencies": {
        "isarray": {
          "version": "0.0.1",
          "resolved": "https://registry.npmjs.org/isarray/-/isarray-0.0.1.tgz",
          "integrity": "sha1-ihis/Kmo9Bd+Cav8YDiTmwXR7t8="
        },
        "readable-stream": {
          "version": "1.1.14",
          "resolved": "https://registry.npmjs.org/readable-stream/-/readable-stream-1.1.14.tgz",
          "integrity": "sha1-fPTFTvZI44EwhMY23SB54WbAgdk=",
          "requires": {
            "core-util-is": "~1.0.0",
            "inherits": "~2.0.1",
            "isarray": "0.0.1",
            "string_decoder": "~0.10.x"
          }
        },
        "string_decoder": {
          "version": "0.10.31",
          "resolved": "https://registry.npmjs.org/string_decoder/-/string_decoder-0.10.31.tgz",
          "integrity": "sha1-YuIDvEF2bGwoyfyEMB2rHFMQ+pQ="
        }
      }
    },
    "levelup": {
      "version": "1.3.9",
      "resolved": "https://registry.npmjs.org/levelup/-/levelup-1.3.9.tgz",
      "integrity": "sha512-VVGHfKIlmw8w1XqpGOAGwq6sZm2WwWLmlDcULkKWQXEA5EopA8OBNJ2Ck2v6bdk8HeEZSbCSEgzXadyQFm76sQ==",
      "requires": {
        "deferred-leveldown": "~1.2.1",
        "level-codec": "~7.0.0",
        "level-errors": "~1.0.3",
        "level-iterator-stream": "~1.3.0",
        "prr": "~1.0.1",
        "semver": "~5.4.1",
        "xtend": "~4.0.0"
      }
    },
    "lru": {
      "version": "3.1.0",
      "resolved": "https://registry.npmjs.org/lru/-/lru-3.1.0.tgz",
      "integrity": "sha1-6n+4VG2DczOWoTCR12z+tMBoN9U=",
      "requires": {
        "inherits": "^2.0.1"
      }
    },
    "ltgt": {
      "version": "2.2.1",
      "resolved": "https://registry.npmjs.org/ltgt/-/ltgt-2.2.1.tgz",
      "integrity": "sha1-81ypHEk/e3PaDgdJUwTxezH4fuU="
    },
    "memdb": {
      "version": "1.3.1",
      "resolved": "https://registry.npmjs.org/memdb/-/memdb-1.3.1.tgz",
      "integrity": "sha1-Np9zzaSZz56rbWJn+uAnIdNU3sg=",
      "requires": {
        "levelup": "^1.3.1",
        "memdown": "^1.0.0"
      }
    },
    "memdown": {
      "version": "1.4.1",
      "resolved": "https://registry.npmjs.org/memdown/-/memdown-1.4.1.tgz",
      "integrity": "sha1-tOThkhdGZP+65BNhqlAPMRnv4hU=",
      "requires": {
        "abstract-leveldown": "~2.7.1",
        "functional-red-black-tree": "^1.0.1",
        "immediate": "^3.2.3",
        "inherits": "~2.0.1",
        "ltgt": "~2.2.0",
        "safe-buffer": "~5.1.1"
      },
      "dependencies": {
        "abstract-leveldown": {
          "version": "2.7.2",
          "resolved": "https://registry.npmjs.org/abstract-leveldown/-/abstract-leveldown-2.7.2.tgz",
          "integrity": "sha512-+OVvxH2rHVEhWLdbudP6p0+dNMXu8JA1CbhP19T8paTYAcX7oJ4OVjT+ZUVpv7mITxXHqDMej+GdqXBmXkw09w==",
          "requires": {
            "xtend": "~4.0.0"
          }
        }
      }
    },
    "memory-pager": {
      "version": "1.5.0",
      "resolved": "https://registry.npmjs.org/memory-pager/-/memory-pager-1.5.0.tgz",
      "integrity": "sha512-ZS4Bp4r/Zoeq6+NLJpP+0Zzm0pR8whtGPf1XExKLJBAczGMnSi3It14OiNCStjQjM6NU1okjQGSxgEZN8eBYKg=="
    },
    "merkle-tree-stream": {
      "version": "3.0.3",
      "resolved": "https://registry.npmjs.org/merkle-tree-stream/-/merkle-tree-stream-3.0.3.tgz",
      "integrity": "sha1-+KBkdg0355eK1fn208EZpJT1cIE=",
      "requires": {
        "flat-tree": "^1.3.0",
        "readable-stream": "^2.0.5"
      }
    },
    "minimatch": {
      "version": "3.0.4",
      "resolved": "https://registry.npmjs.org/minimatch/-/minimatch-3.0.4.tgz",
      "integrity": "sha512-yJHVQEhyqPLUTgt9B83PXu6W3rx4MvvHvSUvToogpwoGDOUQ+yDrR0HRot+yOCdCO7u4hX3pWft6kWBBcqh0UA==",
      "requires": {
        "brace-expansion": "^1.1.7"
      }
    },
    "minimist": {
      "version": "1.2.0",
      "resolved": "https://registry.npmjs.org/minimist/-/minimist-1.2.0.tgz",
      "integrity": "sha1-o1AIsg9BOD7sH7kU9M1d95omQoQ="
    },
    "mkdirp": {
      "version": "0.5.1",
      "resolved": "https://registry.npmjs.org/mkdirp/-/mkdirp-0.5.1.tgz",
      "integrity": "sha1-MAV0OOrGz3+MR2fzhkjWaX11yQM=",
      "requires": {
        "minimist": "0.0.8"
      },
      "dependencies": {
        "minimist": {
          "version": "0.0.8",
          "resolved": "https://registry.npmjs.org/minimist/-/minimist-0.0.8.tgz",
          "integrity": "sha1-hX/Kv8M5fSYluCKCYuhqp6ARsF0="
        }
      }
    },
    "monotonic-timestamp": {
      "version": "0.0.9",
      "resolved": "https://registry.npmjs.org/monotonic-timestamp/-/monotonic-timestamp-0.0.9.tgz",
      "integrity": "sha1-W6Wtx6rIXh1853voRxYe0kazlgM="
    },
    "ms": {
      "version": "2.1.2",
      "resolved": "https://registry.npmjs.org/ms/-/ms-2.1.2.tgz",
      "integrity": "sha512-sGkPx+VjMtmA6MX27oA4FBFELFCZZ4S4XqeGOXCv68tT+jb3vk/RyaKWP0PTKyWtmLSM0b+adUTEvbs1PEaH2w=="
    },
    "multicast-dns": {
      "version": "7.2.0",
      "resolved": "https://registry.npmjs.org/multicast-dns/-/multicast-dns-7.2.0.tgz",
      "integrity": "sha512-Tu2QORGOFANB124NWQ/JTRhMf/ODouVLEuvu5Dz8YWEU55zQgRgFGnBHfIh5PbfNDAuaRl7yLB+pgWhSqVxi2Q==",
      "requires": {
        "dns-packet": "^4.0.0",
        "thunky": "^1.0.2"
      }
    },
    "multifeed": {
      "version": "3.0.8",
      "resolved": "https://registry.npmjs.org/multifeed/-/multifeed-3.0.8.tgz",
      "integrity": "sha512-OsNz8PFD3YUiPycZo093a/FnO88lc5xoFUgtie3loyfsR85cn6Ui4rvYTiJWpfhJk4AruditvoyX0Rx6Z513SQ==",
      "requires": {
        "debug": "^4.1.0",
        "hypercore-protocol": "^6.8.0",
        "inherits": "^2.0.3",
        "mutexify": "^1.2.0",
        "random-access-file": "^2.0.1",
        "through2": "^3.0.0"
      },
      "dependencies": {
        "through2": {
          "version": "3.0.1",
          "resolved": "https://registry.npmjs.org/through2/-/through2-3.0.1.tgz",
          "integrity": "sha512-M96dvTalPT3YbYLaKaCuwu+j06D/8Jfib0o/PxbVt6Amhv3dUAtW6rTV1jPgJSBG83I/e04Y6xkVdVhSRhi0ww==",
          "requires": {
            "readable-stream": "2 || 3"
          }
        }
      }
    },
    "multifeed-index": {
      "version": "3.3.2",
      "resolved": "https://registry.npmjs.org/multifeed-index/-/multifeed-index-3.3.2.tgz",
      "integrity": "sha512-UPEpvca/hx0UqanoMs9uMEpTrFbmW8CV9V4Oww44fQxLj/m6eAqhFyVMCanKjS4daL9K8hvfPtWj5V4KsKat+Q==",
      "requires": {
        "inherits": "^2.0.3"
      }
    },
    "multistream": {
      "version": "2.1.1",
      "resolved": "https://registry.npmjs.org/multistream/-/multistream-2.1.1.tgz",
      "integrity": "sha512-xasv76hl6nr1dEy3lPvy7Ej7K/Lx3O/FCvwge8PeVJpciPPoNCbaANcNiBug3IpdvTveZUcAV0DJzdnUDMesNQ==",
      "requires": {
        "inherits": "^2.0.1",
        "readable-stream": "^2.0.5"
      }
    },
    "mutexify": {
      "version": "1.2.0",
      "resolved": "https://registry.npmjs.org/mutexify/-/mutexify-1.2.0.tgz",
      "integrity": "sha512-oprzxd2zhfrJqEuB98qc1dRMMonClBQ57UPDjnbcrah4orEMTq1jq3+AcdFe5ePzdbJXI7zmdhfftIdMnhYFoQ=="
    },
    "nan": {
      "version": "2.14.0",
      "resolved": "https://registry.npmjs.org/nan/-/nan-2.14.0.tgz",
      "integrity": "sha512-INOFj37C7k3AfaNTtX8RhsTw7qRy7eLET14cROi9+5HAVbbHuIWUHEauBv5qT4Av2tWasiTY1Jw6puUNqRJXQg==",
      "optional": true
    },
    "nanoassert": {
      "version": "1.1.0",
      "resolved": "https://registry.npmjs.org/nanoassert/-/nanoassert-1.1.0.tgz",
      "integrity": "sha1-TzFS4JVA/eKMdvRLGbvNHVpCR40="
    },
    "napi-macros": {
      "version": "1.8.2",
      "resolved": "https://registry.npmjs.org/napi-macros/-/napi-macros-1.8.2.tgz",
      "integrity": "sha512-Tr0DNY4RzTaBG2W2m3l7ZtFuJChTH6VZhXVhkGGjF/4cZTt+i8GcM9ozD+30Lmr4mDoZ5Xx34t2o4GJqYWDGcg==",
      "optional": true
    },
    "network-address": {
      "version": "1.1.2",
      "resolved": "https://registry.npmjs.org/network-address/-/network-address-1.1.2.tgz",
      "integrity": "sha1-Sqe/1D8D8LgclwKxPWqFjdsybz4="
    },
    "node-gyp-build": {
      "version": "3.9.0",
      "resolved": "https://registry.npmjs.org/node-gyp-build/-/node-gyp-build-3.9.0.tgz",
      "integrity": "sha512-zLcTg6P4AbcHPq465ZMFNXx7XpKKJh+7kkN699NiQWisR2uWYOWNWqRHAmbnmKiL4e9aLSlmy5U7rEMUXV59+A==",
      "optional": true
    },
    "once": {
      "version": "1.4.0",
      "resolved": "https://registry.npmjs.org/once/-/once-1.4.0.tgz",
      "integrity": "sha1-WDsap3WWHUsROsF9nFC6753Xa9E=",
      "requires": {
        "wrappy": "1"
      }
    },
    "path-is-absolute": {
      "version": "1.0.1",
      "resolved": "https://registry.npmjs.org/path-is-absolute/-/path-is-absolute-1.0.1.tgz",
      "integrity": "sha1-F0uSaHNVNP+8es5r9TpanhtcX18="
    },
    "pretty-hash": {
      "version": "1.0.1",
      "resolved": "https://registry.npmjs.org/pretty-hash/-/pretty-hash-1.0.1.tgz",
      "integrity": "sha1-FuBXkYje9WvbVliSvNBaXWUySAc="
    },
    "process-nextick-args": {
      "version": "2.0.1",
      "resolved": "https://registry.npmjs.org/process-nextick-args/-/process-nextick-args-2.0.1.tgz",
      "integrity": "sha512-3ouUOpQhtgrbOa17J7+uxOTpITYWaGP7/AhoR3+A+/1e9skrzelGi/dXzEYyvbxubEF6Wn2ypscTKiKJFFn1ag=="
    },
    "protocol-buffers-encodings": {
      "version": "1.1.0",
      "resolved": "https://registry.npmjs.org/protocol-buffers-encodings/-/protocol-buffers-encodings-1.1.0.tgz",
      "integrity": "sha512-SmjEuAf3hc3h3rWZ6V1YaaQw2MNJWK848gLJgzx/sefOJdNLujKinJVXIS0q2cBQpQn2Q32TinawZyDZPzm4kQ==",
      "requires": {
        "signed-varint": "^2.0.1",
        "varint": "^5.0.0"
      },
      "dependencies": {
        "varint": {
          "version": "5.0.0",
          "resolved": "https://registry.npmjs.org/varint/-/varint-5.0.0.tgz",
          "integrity": "sha1-2Ca4n3SQcy+rwMDtaT7Uddyynr8="
        }
      }
    },
    "prr": {
      "version": "1.0.1",
      "resolved": "https://registry.npmjs.org/prr/-/prr-1.0.1.tgz",
      "integrity": "sha1-0/wRS6BplaRexok/SEzrHXj19HY="
    },
    "pump": {
      "version": "3.0.0",
      "resolved": "https://registry.npmjs.org/pump/-/pump-3.0.0.tgz",
      "integrity": "sha512-LwZy+p3SFs1Pytd/jYct4wpv49HiYCqd9Rlc5ZVdk0V+8Yzv6jR5Blk3TRmPL1ft69TxP0IMZGJ+WPFU2BFhww==",
      "requires": {
        "end-of-stream": "^1.1.0",
        "once": "^1.3.1"
      }
    },
    "random-access-file": {
      "version": "2.1.3",
      "resolved": "https://registry.npmjs.org/random-access-file/-/random-access-file-2.1.3.tgz",
      "integrity": "sha512-AE0Z1ywR5gIkzACMC1lCsR6LP8g4ynNm7oYWYdKPSSU6Y3H+mGDJxBqfcV9B9KstfHNemhfX3nYmx99ZC9f/yg==",
      "requires": {
        "mkdirp": "^0.5.1",
        "random-access-storage": "^1.1.1"
      }
    },
    "random-access-memory": {
      "version": "3.1.1",
      "resolved": "https://registry.npmjs.org/random-access-memory/-/random-access-memory-3.1.1.tgz",
      "integrity": "sha512-Qy1MliJDozZ1A6Hx3UbEnm8PPCfkiG/8CArbnhrxXMx1YRJPWipgPTB9qyhn4Z7WlLvCEqPb6Bd98OayyVuwrA==",
      "requires": {
        "inherits": "^2.0.3",
        "is-options": "^1.0.1",
        "random-access-storage": "^1.1.1"
      }
    },
    "random-access-storage": {
      "version": "1.4.0",
      "resolved": "https://registry.npmjs.org/random-access-storage/-/random-access-storage-1.4.0.tgz",
      "integrity": "sha512-7oszloM/+PdqWp/oFGyL6SeI14liqo8AAisHAZQGkWdHISyAnngKjNPL0JYIazeLxbHPY6oed2yUffowdq/o6A==",
      "requires": {
        "inherits": "^2.0.3"
      }
    },
    "randombytes": {
      "version": "2.1.0",
      "resolved": "https://registry.npmjs.org/randombytes/-/randombytes-2.1.0.tgz",
      "integrity": "sha512-vYl3iOX+4CKUWuxGi9Ukhie6fsqXqS9FE2Zaic4tNFD2N2QQaXOMFbuKK4QmDHC0JO6B1Zp41J0LpT0oR68amQ==",
      "requires": {
        "safe-buffer": "^5.1.0"
      }
    },
    "read-only-stream": {
      "version": "2.0.0",
      "resolved": "https://registry.npmjs.org/read-only-stream/-/read-only-stream-2.0.0.tgz",
      "integrity": "sha1-JyT9aoET1zdkrCiNQ4YnDB2/F/A=",
      "requires": {
        "readable-stream": "^2.0.2"
      }
    },
    "readable-stream": {
      "version": "2.3.6",
      "resolved": "https://registry.npmjs.org/readable-stream/-/readable-stream-2.3.6.tgz",
      "integrity": "sha512-tQtKA9WIAhBF3+VLAseyMqZeBjW0AHJoxOtYqSUZNJxauErmLbVm2FW1y+J/YA9dUrAC39ITejlZWhVIwawkKw==",
      "requires": {
        "core-util-is": "~1.0.0",
        "inherits": "~2.0.3",
        "isarray": "~1.0.0",
        "process-nextick-args": "~2.0.0",
        "safe-buffer": "~5.1.1",
        "string_decoder": "~1.1.1",
        "util-deprecate": "~1.0.1"
      }
    },
    "rimraf": {
      "version": "2.7.1",
      "resolved": "https://registry.npmjs.org/rimraf/-/rimraf-2.7.1.tgz",
      "integrity": "sha512-uWjbaKIK3T1OSVptzX7Nl6PvQ3qAGtKEtVRjRuazjfL3Bx5eI409VZSqgND+4UNnmzLVdPj9FqFJNPqBZFve4w==",
      "requires": {
        "glob": "^7.1.3"
      }
    },
    "run-series": {
      "version": "1.1.8",
      "resolved": "https://registry.npmjs.org/run-series/-/run-series-1.1.8.tgz",
      "integrity": "sha512-+GztYEPRpIsQoCSraWHDBs9WVy4eVME16zhOtDB4H9J4xN0XRhknnmLOl+4gRgZtu8dpp9N/utSPjKH/xmDzXg=="
    },
    "rusha": {
      "version": "0.8.13",
      "resolved": "https://registry.npmjs.org/rusha/-/rusha-0.8.13.tgz",
      "integrity": "sha1-mghOe4YLF7/zAVuSxnpqM2GRUTo="
    },
    "safe-buffer": {
      "version": "5.1.2",
      "resolved": "https://registry.npmjs.org/safe-buffer/-/safe-buffer-5.1.2.tgz",
      "integrity": "sha512-Gd2UZBJDkXlY7GbJxfsE8/nvKkUEU1G38c1siN6QP6a9PT9MmHB8GnpscSmMJSoF8LOIrt8ud/wPtojys4G6+g=="
    },
    "semver": {
      "version": "5.4.1",
      "resolved": "https://registry.npmjs.org/semver/-/semver-5.4.1.tgz",
      "integrity": "sha512-WfG/X9+oATh81XtllIo/I8gOiY9EXRdv1cQdyykeXK17YcUW3EXUAi2To4pcH6nZtJPr7ZOpM5OMyWJZm+8Rsg=="
    },
    "signed-varint": {
      "version": "2.0.1",
      "resolved": "https://registry.npmjs.org/signed-varint/-/signed-varint-2.0.1.tgz",
      "integrity": "sha1-UKmYnafJjCxh2tEZvJdHDvhSgSk=",
      "requires": {
        "varint": "~5.0.0"
      },
      "dependencies": {
        "varint": {
          "version": "5.0.0",
          "resolved": "https://registry.npmjs.org/varint/-/varint-5.0.0.tgz",
          "integrity": "sha1-2Ca4n3SQcy+rwMDtaT7Uddyynr8="
        }
      }
    },
    "simple-sha1": {
      "version": "2.1.2",
      "resolved": "https://registry.npmjs.org/simple-sha1/-/simple-sha1-2.1.2.tgz",
      "integrity": "sha512-TQl9rm4rdKAVmhO++sXAb8TNN0D6JAD5iyI1mqEPNpxUzTRrtm4aOG1pDf/5W/qCFihiaoK6uuL9rvQz1x1VKw==",
      "requires": {
        "rusha": "^0.8.1"
      }
    },
    "siphash24": {
      "version": "1.1.1",
      "resolved": "https://registry.npmjs.org/siphash24/-/siphash24-1.1.1.tgz",
      "integrity": "sha512-dKKwjIoTOa587TARYLlBRXq2lkbu5Iz35XrEVWpelhBP1m8r2BGOy1QlaZe84GTFHG/BTucEUd2btnNc8QzIVA==",
      "requires": {
        "nanoassert": "^1.0.0"
      }
    },
    "sodium-javascript": {
      "version": "0.5.5",
      "resolved": "https://registry.npmjs.org/sodium-javascript/-/sodium-javascript-0.5.5.tgz",
      "integrity": "sha512-UMmCHovws/sxIBZsIRhIl8uRPou/RFDD0vVop81T1hG106NLLgqajKKuHAOtAP6hflnZ0UrVA2VFwddTd/NQyA==",
      "requires": {
        "blake2b": "^2.1.1",
        "nanoassert": "^1.0.0",
        "siphash24": "^1.0.1",
        "xsalsa20": "^1.0.0"
      }
    },
    "sodium-native": {
      "version": "2.4.6",
      "resolved": "https://registry.npmjs.org/sodium-native/-/sodium-native-2.4.6.tgz",
      "integrity": "sha512-Ro9lhTjot8M01nwKLXiqLSmjR7B8o+Wg4HmJUjEShw/q6XPlNMzjPkA1VJKaMH8SO8fJ/sggAKVwreTaFszS2Q==",
      "optional": true,
      "requires": {
        "ini": "^1.3.5",
        "nan": "^2.14.0",
        "node-gyp-build": "^4.1.0"
      },
      "dependencies": {
        "node-gyp-build": {
          "version": "4.2.0",
          "resolved": "https://registry.npmjs.org/node-gyp-build/-/node-gyp-build-4.2.0.tgz",
          "integrity": "sha512-4oiumOLhCDU9Rronz8PZ5S4IvT39H5+JEv/hps9V8s7RSLhsac0TCP78ulnHXOo8X1wdpPiTayGlM1jr4IbnaQ==",
          "optional": true
        }
      }
    },
    "sodium-universal": {
      "version": "2.0.0",
      "resolved": "https://registry.npmjs.org/sodium-universal/-/sodium-universal-2.0.0.tgz",
      "integrity": "sha512-csdVyakzHJRyCevY4aZC2Eacda8paf+4nmRGF2N7KxCLKY2Ajn72JsExaQlJQ2BiXJncp44p3T+b80cU+2TTsg==",
      "requires": {
        "sodium-javascript": "~0.5.0",
        "sodium-native": "^2.0.0"
      }
    },
    "sorted-indexof": {
      "version": "1.0.0",
      "resolved": "https://registry.npmjs.org/sorted-indexof/-/sorted-indexof-1.0.0.tgz",
      "integrity": "sha1-F8dC/3zxh+L1mhXfm4HxemLOCJk="
    },
    "sparse-bitfield": {
      "version": "3.0.3",
      "resolved": "https://registry.npmjs.org/sparse-bitfield/-/sparse-bitfield-3.0.3.tgz",
      "integrity": "sha1-/0rm5oZWBWuks+eSqzM004JzyhE=",
      "requires": {
        "memory-pager": "^1.0.2"
      }
    },
    "speedometer": {
      "version": "1.1.0",
      "resolved": "https://registry.npmjs.org/speedometer/-/speedometer-1.1.0.tgz",
      "integrity": "sha512-z/wAiTESw2XVPssY2XRcme4niTc4S5FkkJ4gknudtVoc33Zil8TdTxHy5torRcgqMqksJV2Yz8HQcvtbsnw0mQ=="
    },
    "strftime": {
      "version": "0.10.0",
      "resolved": "https://registry.npmjs.org/strftime/-/strftime-0.10.0.tgz",
      "integrity": "sha1-s/D6QZKVICpaKJ9ta+n0kJphcZM="
    },
    "string_decoder": {
      "version": "1.1.1",
      "resolved": "https://registry.npmjs.org/string_decoder/-/string_decoder-1.1.1.tgz",
      "integrity": "sha512-n/ShnvDi6FHbbVfviro+WojiFzv+s8MPMHBczVePfUpDJLwoLT0ht1l4YwBCbi8pJAveEEdnkHyPyTP/mzRfwg==",
      "requires": {
        "safe-buffer": "~5.1.0"
      }
    },
    "through2": {
      "version": "2.0.5",
      "resolved": "https://registry.npmjs.org/through2/-/through2-2.0.5.tgz",
      "integrity": "sha512-/mrRod8xqpA+IHSLyGCQ2s8SPHiCDEeQJSep1jqLYeEUClOFG2Qsh+4FU6G9VeqpZnGW/Su8LQGc4YKni5rYSQ==",
      "requires": {
        "readable-stream": "~2.3.6",
        "xtend": "~4.0.1"
      }
    },
    "thunky": {
      "version": "1.1.0",
      "resolved": "https://registry.npmjs.org/thunky/-/thunky-1.1.0.tgz",
      "integrity": "sha512-eHY7nBftgThBqOyHGVN+l8gF0BucP09fMo0oO/Lb0w1OF80dJv+lDVpXG60WMQvkcxAkNybKsrEIE3ZtKGmPrA=="
    },
    "tmp": {
      "version": "0.1.0",
      "resolved": "https://registry.npmjs.org/tmp/-/tmp-0.1.0.tgz",
      "integrity": "sha512-J7Z2K08jbGcdA1kkQpJSqLF6T0tdQqpR2pnSUXsIchbPdTI9v3e85cLW0d6WDhwuAleOV71j2xWs8qMPfK7nKw==",
      "requires": {
        "rimraf": "^2.6.3"
      }
    },
    "to-buffer": {
      "version": "1.1.1",
      "resolved": "https://registry.npmjs.org/to-buffer/-/to-buffer-1.1.1.tgz",
      "integrity": "sha512-lx9B5iv7msuFYE3dytT+KE5tap+rNYw+K4jVkb9R/asAb+pbBSM17jtunHplhBe6RRJdZx3Pn2Jph24O32mOVg=="
    },
    "typedarray": {
      "version": "0.0.6",
      "resolved": "https://registry.npmjs.org/typedarray/-/typedarray-0.0.6.tgz",
      "integrity": "sha1-hnrHTjhkGHsdPUfZlqeOxciDB3c="
    },
    "uint64be": {
      "version": "2.0.2",
      "resolved": "https://registry.npmjs.org/uint64be/-/uint64be-2.0.2.tgz",
      "integrity": "sha512-9QqdvpGQTXgxthP+lY4e/gIBy+RuqcBaC6JVwT5I3bDLgT/btL6twZMR0pI3/Fgah9G/pdwzIprE5gL6v9UvyQ==",
      "requires": {
        "buffer-alloc": "^1.1.0"
      }
    },
    "unordered-array-remove": {
      "version": "1.0.2",
      "resolved": "https://registry.npmjs.org/unordered-array-remove/-/unordered-array-remove-1.0.2.tgz",
      "integrity": "sha1-xUbo+I4xegzyZEyX7LV9umbSUO8="
    },
    "unordered-set": {
      "version": "1.1.0",
      "resolved": "https://registry.npmjs.org/unordered-set/-/unordered-set-1.1.0.tgz",
      "integrity": "sha1-K6fvMW7dC5WQzFR8dPdqLxZP7Mo="
    },
    "util-deprecate": {
      "version": "1.0.2",
      "resolved": "https://registry.npmjs.org/util-deprecate/-/util-deprecate-1.0.2.tgz",
      "integrity": "sha1-RQ1Nyfpw3nMnYvvS1KKJgUGaDM8="
    },
    "utp-native": {
      "version": "1.7.3",
      "resolved": "https://registry.npmjs.org/utp-native/-/utp-native-1.7.3.tgz",
      "integrity": "sha512-vRAKaS8WcYNgzbxyH2LdheqgL4sQLis8LXl7r/mN+O4mpWlUpoCsTtietxepLrft2q0TFA2gaIvSWN1iRkzW/w==",
      "optional": true,
      "requires": {
        "nan": "^2.5.1",
        "node-gyp-build": "^3.0.0",
        "readable-stream": "^2.2.2"
      }
    },
    "varint": {
      "version": "3.0.1",
      "resolved": "https://registry.npmjs.org/varint/-/varint-3.0.1.tgz",
      "integrity": "sha1-nT9T4DbAqxIACnS8LSTL8JOlgdk="
    },
    "wrappy": {
      "version": "1.0.2",
      "resolved": "https://registry.npmjs.org/wrappy/-/wrappy-1.0.2.tgz",
      "integrity": "sha1-tSQ9jz7BqjXxNkYFvA0QNuMKtp8="
    },
    "xsalsa20": {
      "version": "1.1.0",
      "resolved": "https://registry.npmjs.org/xsalsa20/-/xsalsa20-1.1.0.tgz",
      "integrity": "sha512-zd3ytX2cm+tcSndRU+krm0eL4TMMpZE7evs5hLRAoOy6gviqLfe3qOlkjF3i5SeAkQUCeJk0lJZrEU56kHRfWw=="
    },
    "xtend": {
      "version": "4.0.2",
      "resolved": "https://registry.npmjs.org/xtend/-/xtend-4.0.2.tgz",
      "integrity": "sha512-LKYU1iAXJXUgAXn9URjiu+MWhyUXHsvfp7mcuYm9dSUKK0/CjtrUwFAxD82/mCWbtLsGjFIad0wIsod4zrTAEQ=="
    }
  }
}
